
Microsoft Visual Studio Solution File, Format Version 12.00
# Visual Studio Version 16
VisualStudioVersion = 16.0.33801.447
MinimumVisualStudioVersion = 10.0.40219.1
Project("{FAE04EC0-301F-11D3-BF4B-00C04F79EFBC}") = "ToolUploadShirts", "ToolUploadShirts\ToolUploadShirts.csproj", "{73AA68D8-F01D-4D10-9503-9BD056F0D76E}"
EndProject
Global
	GlobalSection(SolutionConfigurationPlatforms) = preSolution
		Debug|Any CPU = Debug|Any CPU
		Release|Any CPU = Release|Any CPU
	EndGlobalSection
	GlobalSection(ProjectConfigurationPlatforms) = postSolution
		{73AA68D8-F01D-4D10-9503-9BD056F0D76E}.Debug|Any CPU.ActiveCfg = Debug|Any CPU
		{73AA68D8-F01D-4D10-9503-9BD056F0D76E}.Debug|Any CPU.Build.0 = Debug|Any CPU
		{73AA68D8-F01D-4D10-9503-9BD056F0D76E}.Release|Any CPU.ActiveCfg = Release|Any CPU
		{73AA68D8-F01D-4D10-9503-9BD056F0D76E}.Release|Any CPU.Build.0 = Release|Any CPU
	EndGlobalSection
	GlobalSection(SolutionProperties) = preSolution
		HideSolutionNode = FALSE
	EndGlobalSection
	GlobalSection(ExtensibilityGlobals) = postSolution
		SolutionGuid = {BC9441A8-F25A-4FCA-8BC7-E3790604F756}
	EndGlobalSection
EndGlobal
